
Microsoft Visual Studio Solution File, Format Version 12.00
# Visual Studio Version 17
VisualStudioVersion = 17.0.31903.59
MinimumVisualStudioVersion = 10.0.40219.1
Project("{FAE04EC0-301F-11D3-BF4B-00C04F79EFBC}") = "KatieCoctails.Contracts", "KatieCocktails.Contracts\KatieCoctails.Contracts.csproj", "{A45E3A86-6A4A-47C6-980D-8899E92FF2FE}"
EndProject
Project("{FAE04EC0-301F-11D3-BF4B-00C04F79EFBC}") = "KatieCocktails", "KatieCocktails\KatieCocktails.csproj", "{DFD4EBFF-5F29-4376-AE21-EADD9582A846}"
EndProject
Global
	GlobalSection(SolutionConfigurationPlatforms) = preSolution
		Debug|Any CPU = Debug|Any CPU
		Release|Any CPU = Release|Any CPU
	EndGlobalSection
	GlobalSection(SolutionProperties) = preSolution
		HideSolutionNode = FALSE
	EndGlobalSection
	GlobalSection(ProjectConfigurationPlatforms) = postSolution
		{A45E3A86-6A4A-47C6-980D-8899E92FF2FE}.Debug|Any CPU.ActiveCfg = Debug|Any CPU
		{A45E3A86-6A4A-47C6-980D-8899E92FF2FE}.Debug|Any CPU.Build.0 = Debug|Any CPU
		{A45E3A86-6A4A-47C6-980D-8899E92FF2FE}.Release|Any CPU.ActiveCfg = Release|Any CPU
		{A45E3A86-6A4A-47C6-980D-8899E92FF2FE}.Release|Any CPU.Build.0 = Release|Any CPU
		{DFD4EBFF-5F29-4376-AE21-EADD9582A846}.Debug|Any CPU.ActiveCfg = Debug|Any CPU
		{DFD4EBFF-5F29-4376-AE21-EADD9582A846}.Debug|Any CPU.Build.0 = Debug|Any CPU
		{DFD4EBFF-5F29-4376-AE21-EADD9582A846}.Release|Any CPU.ActiveCfg = Release|Any CPU
		{DFD4EBFF-5F29-4376-AE21-EADD9582A846}.Release|Any CPU.Build.0 = Release|Any CPU
	EndGlobalSection
EndGlobal
